
Microsoft Visual Studio Solution File, Format Version 12.00
# Visual Studio 15
VisualStudioVersion = 15.0.28010.2041
MinimumVisualStudioVersion = 10.0.40219.1
Project("{FAE04EC0-301F-11D3-BF4B-00C04F79EFBC}") = "SpreadsheetGUI", "SpreadsheetGUI\SpreadsheetGUI.csproj", "{97320EBD-4748-4FF8-AC56-F4DD16CE4FE9}"
EndProject
Project("{FAE04EC0-301F-11D3-BF4B-00C04F79EFBC}") = "Resources", "Resources\Resources.csproj", "{42E8590B-816B-4546-BE50-2369ACBB1F85}"
EndProject
Project("{54435603-DBB4-11D2-8724-00A0C9A8B90C}") = "Lab9", "Lab9\Lab9.vdproj", "{6F4862DD-645A-46F9-B9A7-9B2462B6E30D}"
EndProject
Project("{FAE04EC0-301F-11D3-BF4B-00C04F79EFBC}") = "WelcomePage", "WelcomePage\WelcomePage.csproj", "{20AF869C-7794-4CA4-8C09-D79A95CD8602}"
EndProject
Project("{FAE04EC0-301F-11D3-BF4B-00C04F79EFBC}") = "SpreadsheetController", "SpreadsheetController\SpreadsheetController.csproj", "{A2C58484-1CFD-45C8-9E05-65E071EDAFD7}"
EndProject
Project("{FAE04EC0-301F-11D3-BF4B-00C04F79EFBC}") = "NetworkController", "NetworkController\NetworkController.csproj", "{521EF6E4-11C2-42EE-BE02-0EAA5023527E}"
EndProject
Global
	GlobalSection(SolutionConfigurationPlatforms) = preSolution
		Debug|Any CPU = Debug|Any CPU
		Release|Any CPU = Release|Any CPU
	EndGlobalSection
	GlobalSection(ProjectConfigurationPlatforms) = postSolution
		{97320EBD-4748-4FF8-AC56-F4DD16CE4FE9}.Debug|Any CPU.ActiveCfg = Debug|Any CPU
		{97320EBD-4748-4FF8-AC56-F4DD16CE4FE9}.Debug|Any CPU.Build.0 = Debug|Any CPU
		{97320EBD-4748-4FF8-AC56-F4DD16CE4FE9}.Release|Any CPU.ActiveCfg = Release|Any CPU
		{97320EBD-4748-4FF8-AC56-F4DD16CE4FE9}.Release|Any CPU.Build.0 = Release|Any CPU
		{42E8590B-816B-4546-BE50-2369ACBB1F85}.Debug|Any CPU.ActiveCfg = Debug|Any CPU
		{42E8590B-816B-4546-BE50-2369ACBB1F85}.Release|Any CPU.ActiveCfg = Release|Any CPU
		{42E8590B-816B-4546-BE50-2369ACBB1F85}.Release|Any CPU.Build.0 = Release|Any CPU
		{6F4862DD-645A-46F9-B9A7-9B2462B6E30D}.Debug|Any CPU.ActiveCfg = Debug
		{6F4862DD-645A-46F9-B9A7-9B2462B6E30D}.Release|Any CPU.ActiveCfg = Release
		{20AF869C-7794-4CA4-8C09-D79A95CD8602}.Debug|Any CPU.ActiveCfg = Debug|Any CPU
		{20AF869C-7794-4CA4-8C09-D79A95CD8602}.Debug|Any CPU.Build.0 = Debug|Any CPU
		{20AF869C-7794-4CA4-8C09-D79A95CD8602}.Release|Any CPU.ActiveCfg = Release|Any CPU
		{20AF869C-7794-4CA4-8C09-D79A95CD8602}.Release|Any CPU.Build.0 = Release|Any CPU
		{A2C58484-1CFD-45C8-9E05-65E071EDAFD7}.Debug|Any CPU.ActiveCfg = Debug|Any CPU
		{A2C58484-1CFD-45C8-9E05-65E071EDAFD7}.Debug|Any CPU.Build.0 = Debug|Any CPU
		{A2C58484-1CFD-45C8-9E05-65E071EDAFD7}.Release|Any CPU.ActiveCfg = Release|Any CPU
		{A2C58484-1CFD-45C8-9E05-65E071EDAFD7}.Release|Any CPU.Build.0 = Release|Any CPU
		{521EF6E4-11C2-42EE-BE02-0EAA5023527E}.Debug|Any CPU.ActiveCfg = Debug|Any CPU
		{521EF6E4-11C2-42EE-BE02-0EAA5023527E}.Debug|Any CPU.Build.0 = Debug|Any CPU
		{521EF6E4-11C2-42EE-BE02-0EAA5023527E}.Release|Any CPU.ActiveCfg = Release|Any CPU
		{521EF6E4-11C2-42EE-BE02-0EAA5023527E}.Release|Any CPU.Build.0 = Release|Any CPU
	EndGlobalSection
	GlobalSection(SolutionProperties) = preSolution
		HideSolutionNode = FALSE
	EndGlobalSection
	GlobalSection(ExtensibilityGlobals) = postSolution
		SolutionGuid = {3CACB01B-A1B1-4DED-83E2-7A39607C49E3}
	EndGlobalSection
EndGlobal
