
Microsoft Visual Studio Solution File, Format Version 12.00
# Visual Studio 15
VisualStudioVersion = 15.0.28010.2036
MinimumVisualStudioVersion = 10.0.40219.1
Project("{FAE04EC0-301F-11D3-BF4B-00C04F79EFBC}") = "Spreadsheet", "SpreadSheet\Spreadsheet.csproj", "{B2EC65C6-0F03-4C0A-9AFD-861753CA9619}"
EndProject
Project("{FAE04EC0-301F-11D3-BF4B-00C04F79EFBC}") = "Resources", "Resources\Resources.csproj", "{981D4313-41EE-4FA2-985C-E04B8ABD349F}"
EndProject
Project("{FAE04EC0-301F-11D3-BF4B-00C04F79EFBC}") = "SpreadsheetTests", "SpreadsheetTests\SpreadsheetTests.csproj", "{C9043241-A635-430E-900B-93443E8119FC}"
EndProject
Global
	GlobalSection(SolutionConfigurationPlatforms) = preSolution
		Debug|Any CPU = Debug|Any CPU
		Release|Any CPU = Release|Any CPU
	EndGlobalSection
	GlobalSection(ProjectConfigurationPlatforms) = postSolution
		{B2EC65C6-0F03-4C0A-9AFD-861753CA9619}.Debug|Any CPU.ActiveCfg = Debug|Any CPU
		{B2EC65C6-0F03-4C0A-9AFD-861753CA9619}.Debug|Any CPU.Build.0 = Debug|Any CPU
		{B2EC65C6-0F03-4C0A-9AFD-861753CA9619}.Release|Any CPU.ActiveCfg = Release|Any CPU
		{B2EC65C6-0F03-4C0A-9AFD-861753CA9619}.Release|Any CPU.Build.0 = Release|Any CPU
		{981D4313-41EE-4FA2-985C-E04B8ABD349F}.Debug|Any CPU.ActiveCfg = Debug|Any CPU
		{981D4313-41EE-4FA2-985C-E04B8ABD349F}.Release|Any CPU.ActiveCfg = Release|Any CPU
		{981D4313-41EE-4FA2-985C-E04B8ABD349F}.Release|Any CPU.Build.0 = Release|Any CPU
		{C9043241-A635-430E-900B-93443E8119FC}.Debug|Any CPU.ActiveCfg = Debug|Any CPU
		{C9043241-A635-430E-900B-93443E8119FC}.Debug|Any CPU.Build.0 = Debug|Any CPU
		{C9043241-A635-430E-900B-93443E8119FC}.Release|Any CPU.ActiveCfg = Release|Any CPU
		{C9043241-A635-430E-900B-93443E8119FC}.Release|Any CPU.Build.0 = Release|Any CPU
	EndGlobalSection
	GlobalSection(SolutionProperties) = preSolution
		HideSolutionNode = FALSE
	EndGlobalSection
	GlobalSection(ExtensibilityGlobals) = postSolution
		SolutionGuid = {0649B1E1-D3F9-4E89-A502-2C2E5A86CE3B}
	EndGlobalSection
EndGlobal
