
Microsoft Visual Studio Solution File, Format Version 12.00
# Visual Studio 15
VisualStudioVersion = 15.0.28010.2036
MinimumVisualStudioVersion = 10.0.40219.1
Project("{FAE04EC0-301F-11D3-BF4B-00C04F79EFBC}") = "Spreadsheet", "Spreadsheet\Spreadsheet.csproj", "{6960A32D-D637-4AE1-83C2-E78066FF343F}"
EndProject
Project("{FAE04EC0-301F-11D3-BF4B-00C04F79EFBC}") = "Resources", "Resources\Resources.csproj", "{71B5C982-D86A-4E7D-9119-9518B7ED5776}"
EndProject
Project("{FAE04EC0-301F-11D3-BF4B-00C04F79EFBC}") = "SpreadsheetTesting", "SpreadsheetTesting\SpreadsheetTesting.csproj", "{8B754532-45A0-4DC9-9DA0-249AD85187B8}"
EndProject
Global
	GlobalSection(SolutionConfigurationPlatforms) = preSolution
		Debug|Any CPU = Debug|Any CPU
		Release|Any CPU = Release|Any CPU
	EndGlobalSection
	GlobalSection(ProjectConfigurationPlatforms) = postSolution
		{6960A32D-D637-4AE1-83C2-E78066FF343F}.Debug|Any CPU.ActiveCfg = Debug|Any CPU
		{6960A32D-D637-4AE1-83C2-E78066FF343F}.Debug|Any CPU.Build.0 = Debug|Any CPU
		{6960A32D-D637-4AE1-83C2-E78066FF343F}.Release|Any CPU.ActiveCfg = Release|Any CPU
		{6960A32D-D637-4AE1-83C2-E78066FF343F}.Release|Any CPU.Build.0 = Release|Any CPU
		{71B5C982-D86A-4E7D-9119-9518B7ED5776}.Debug|Any CPU.ActiveCfg = Debug|Any CPU
		{71B5C982-D86A-4E7D-9119-9518B7ED5776}.Release|Any CPU.ActiveCfg = Release|Any CPU
		{71B5C982-D86A-4E7D-9119-9518B7ED5776}.Release|Any CPU.Build.0 = Release|Any CPU
		{8B754532-45A0-4DC9-9DA0-249AD85187B8}.Debug|Any CPU.ActiveCfg = Debug|Any CPU
		{8B754532-45A0-4DC9-9DA0-249AD85187B8}.Debug|Any CPU.Build.0 = Debug|Any CPU
		{8B754532-45A0-4DC9-9DA0-249AD85187B8}.Release|Any CPU.ActiveCfg = Release|Any CPU
		{8B754532-45A0-4DC9-9DA0-249AD85187B8}.Release|Any CPU.Build.0 = Release|Any CPU
	EndGlobalSection
	GlobalSection(SolutionProperties) = preSolution
		HideSolutionNode = FALSE
	EndGlobalSection
	GlobalSection(ExtensibilityGlobals) = postSolution
		SolutionGuid = {670FE223-A25E-4901-9750-C27FF6C93A04}
	EndGlobalSection
EndGlobal
