
Microsoft Visual Studio Solution File, Format Version 12.00
# Visual Studio 15
VisualStudioVersion = 15.0.28010.2003
MinimumVisualStudioVersion = 10.0.40219.1
Project("{FAE04EC0-301F-11D3-BF4B-00C04F79EFBC}") = "FormulaEvaluator", "FormulaEvaluator\FormulaEvaluator.csproj", "{693B734D-D438-4DB2-B938-CF1FA05DC79E}"
EndProject
Project("{FAE04EC0-301F-11D3-BF4B-00C04F79EFBC}") = "FormulaEvaluatorTest", "FormulaEvaluatorTest\FormulaEvaluatorTest.csproj", "{AEB416D2-6F47-4E2E-8589-172FB5065AEA}"
EndProject
Global
	GlobalSection(SolutionConfigurationPlatforms) = preSolution
		Debug|Any CPU = Debug|Any CPU
		Release|Any CPU = Release|Any CPU
	EndGlobalSection
	GlobalSection(ProjectConfigurationPlatforms) = postSolution
		{693B734D-D438-4DB2-B938-CF1FA05DC79E}.Debug|Any CPU.ActiveCfg = Debug|Any CPU
		{693B734D-D438-4DB2-B938-CF1FA05DC79E}.Debug|Any CPU.Build.0 = Debug|Any CPU
		{693B734D-D438-4DB2-B938-CF1FA05DC79E}.Release|Any CPU.ActiveCfg = Release|Any CPU
		{693B734D-D438-4DB2-B938-CF1FA05DC79E}.Release|Any CPU.Build.0 = Release|Any CPU
		{AEB416D2-6F47-4E2E-8589-172FB5065AEA}.Debug|Any CPU.ActiveCfg = Debug|Any CPU
		{AEB416D2-6F47-4E2E-8589-172FB5065AEA}.Debug|Any CPU.Build.0 = Debug|Any CPU
		{AEB416D2-6F47-4E2E-8589-172FB5065AEA}.Release|Any CPU.ActiveCfg = Release|Any CPU
		{AEB416D2-6F47-4E2E-8589-172FB5065AEA}.Release|Any CPU.Build.0 = Release|Any CPU
	EndGlobalSection
	GlobalSection(SolutionProperties) = preSolution
		HideSolutionNode = FALSE
	EndGlobalSection
	GlobalSection(ExtensibilityGlobals) = postSolution
		SolutionGuid = {29923FC0-AD01-414E-A0EC-58E6686677E9}
	EndGlobalSection
EndGlobal
